{
    "version": 3,
    "terraform_version": "0.9.4",
    "serial": 36,
    "lineage": "52bdbcec-d222-4c83-b365-6907c863ee79",
    "modules": [
        {
            "path": [
                "root"
            ],
            "outputs": {},
            "resources": {},
            "depends_on": []
        },
        {
            "path": [
                "root",
                "b4b-demo"
            ],
            "outputs": {},
            "resources": {
                "aws_db_instance.jahia-db": {
                    "type": "aws_db_instance",
                    "depends_on": [
                        "aws_db_subnet_group.db-private",
                        "aws_security_group.private"
                    ],
                    "primary": {
                        "id": "terraform-003c8f44cc6538c6b0f2e83bc6",
                        "attributes": {
                            "address": "terraform-003c8f44cc6538c6b0f2e83bc6.cozhskfp5hlu.eu-west-1.rds.amazonaws.com",
                            "allocated_storage": "10",
                            "arn": "arn:aws:rds:eu-west-1:543443504517:db:terraform-003c8f44cc6538c6b0f2e83bc6",
                            "auto_minor_version_upgrade": "true",
                            "availability_zone": "eu-west-1b",
                            "backup_retention_period": "0",
                            "backup_window": "23:28-23:58",
                            "copy_tags_to_snapshot": "false",
                            "db_subnet_group_name": "main",
                            "endpoint": "terraform-003c8f44cc6538c6b0f2e83bc6.cozhskfp5hlu.eu-west-1.rds.amazonaws.com:3306",
                            "engine": "mariadb",
                            "engine_version": "10.0.24",
                            "hosted_zone_id": "Z29XKXDKYMONMX",
                            "id": "terraform-003c8f44cc6538c6b0f2e83bc6",
                            "identifier": "terraform-003c8f44cc6538c6b0f2e83bc6",
                            "instance_class": "db.t2.micro",
                            "iops": "0",
                            "kms_key_id": "",
                            "license_model": "general-public-license",
                            "maintenance_window": "wed:22:02-wed:22:32",
                            "monitoring_interval": "0",
                            "multi_az": "false",
                            "name": "mydb",
                            "option_group_name": "default:mariadb-10-0",
                            "parameter_group_name": "default.mariadb10.0",
                            "password": "mypasswordb4b",
                            "port": "3306",
                            "publicly_accessible": "false",
                            "replicas.#": "0",
                            "replicate_source_db": "",
                            "security_group_names.#": "0",
                            "skip_final_snapshot": "true",
                            "status": "available",
                            "storage_encrypted": "false",
                            "storage_type": "gp2",
                            "tags.%": "1",
                            "tags.Name": "DB Jahia 1",
                            "timezone": "",
                            "username": "myusernameb4b",
                            "vpc_security_group_ids.#": "1",
                            "vpc_security_group_ids.1120225283": "sg-92ecd5eb"
                        },
                        "meta": {},
                        "tainted": false
                    },
                    "deposed": [],
                    "provider": ""
                },
                "aws_db_subnet_group.db-private": {
                    "type": "aws_db_subnet_group",
                    "depends_on": [
                        "aws_subnet.eu-west-1a-private",
                        "aws_subnet.eu-west-1b-private"
                    ],
                    "primary": {
                        "id": "main",
                        "attributes": {
                            "arn": "arn:aws:rds:eu-west-1:543443504517:subgrp:main",
                            "description": "Managed by Terraform",
                            "id": "main",
                            "name": "main",
                            "subnet_ids.#": "2",
                            "subnet_ids.3030037965": "subnet-2a438d4d",
                            "subnet_ids.3827922882": "subnet-1771644f",
                            "tags.%": "1",
                            "tags.Name": "My DB subnet group"
                        },
                        "meta": {},
                        "tainted": false
                    },
                    "deposed": [],
                    "provider": ""
                },
                "aws_security_group.private": {
                    "type": "aws_security_group",
                    "depends_on": [
                        "aws_security_group.web",
                        "aws_vpc.vpc_b4b"
                    ],
                    "primary": {
                        "id": "sg-92ecd5eb",
                        "attributes": {
                            "description": "Allow incoming database connections.",
                            "egress.#": "2",
                            "egress.2214680975.cidr_blocks.#": "1",
                            "egress.2214680975.cidr_blocks.0": "0.0.0.0/0",
                            "egress.2214680975.from_port": "80",
                            "egress.2214680975.ipv6_cidr_blocks.#": "0",
                            "egress.2214680975.prefix_list_ids.#": "0",
                            "egress.2214680975.protocol": "tcp",
                            "egress.2214680975.security_groups.#": "0",
                            "egress.2214680975.self": "false",
                            "egress.2214680975.to_port": "80",
                            "egress.2617001939.cidr_blocks.#": "1",
                            "egress.2617001939.cidr_blocks.0": "0.0.0.0/0",
                            "egress.2617001939.from_port": "443",
                            "egress.2617001939.ipv6_cidr_blocks.#": "0",
                            "egress.2617001939.prefix_list_ids.#": "0",
                            "egress.2617001939.protocol": "tcp",
                            "egress.2617001939.security_groups.#": "0",
                            "egress.2617001939.self": "false",
                            "egress.2617001939.to_port": "443",
                            "id": "sg-92ecd5eb",
                            "ingress.#": "3",
                            "ingress.1741133787.cidr_blocks.#": "0",
                            "ingress.1741133787.from_port": "3306",
                            "ingress.1741133787.ipv6_cidr_blocks.#": "0",
                            "ingress.1741133787.protocol": "tcp",
                            "ingress.1741133787.security_groups.#": "1",
                            "ingress.1741133787.security_groups.97545512": "sg-33e1d84a",
                            "ingress.1741133787.self": "false",
                            "ingress.1741133787.to_port": "3306",
                            "ingress.267302002.cidr_blocks.#": "1",
                            "ingress.267302002.cidr_blocks.0": "10.0.0.0/16",
                            "ingress.267302002.from_port": "-1",
                            "ingress.267302002.ipv6_cidr_blocks.#": "0",
                            "ingress.267302002.protocol": "icmp",
                            "ingress.267302002.security_groups.#": "0",
                            "ingress.267302002.self": "false",
                            "ingress.267302002.to_port": "-1",
                            "ingress.931551850.cidr_blocks.#": "1",
                            "ingress.931551850.cidr_blocks.0": "10.0.0.0/16",
                            "ingress.931551850.from_port": "22",
                            "ingress.931551850.ipv6_cidr_blocks.#": "0",
                            "ingress.931551850.protocol": "tcp",
                            "ingress.931551850.security_groups.#": "0",
                            "ingress.931551850.self": "false",
                            "ingress.931551850.to_port": "22",
                            "name": "vpc_db",
                            "owner_id": "543443504517",
                            "tags.%": "1",
                            "tags.Name": "PrivateServer",
                            "vpc_id": "vpc-bdd51cda"
                        },
                        "meta": {},
                        "tainted": false
                    },
                    "deposed": [],
                    "provider": ""
                },
                "aws_security_group.web": {
                    "type": "aws_security_group",
                    "depends_on": [
                        "aws_vpc.vpc_b4b"
                    ],
                    "primary": {
                        "id": "sg-33e1d84a",
                        "attributes": {
                            "description": "Allow incoming HTTP connections.",
                            "egress.#": "0",
                            "id": "sg-33e1d84a",
                            "ingress.#": "5",
                            "ingress.1799340084.cidr_blocks.#": "1",
                            "ingress.1799340084.cidr_blocks.0": "0.0.0.0/0",
                            "ingress.1799340084.from_port": "-1",
                            "ingress.1799340084.ipv6_cidr_blocks.#": "0",
                            "ingress.1799340084.protocol": "icmp",
                            "ingress.1799340084.security_groups.#": "0",
                            "ingress.1799340084.self": "false",
                            "ingress.1799340084.to_port": "-1",
                            "ingress.2214680975.cidr_blocks.#": "1",
                            "ingress.2214680975.cidr_blocks.0": "0.0.0.0/0",
                            "ingress.2214680975.from_port": "80",
                            "ingress.2214680975.ipv6_cidr_blocks.#": "0",
                            "ingress.2214680975.protocol": "tcp",
                            "ingress.2214680975.security_groups.#": "0",
                            "ingress.2214680975.self": "false",
                            "ingress.2214680975.to_port": "80",
                            "ingress.2617001939.cidr_blocks.#": "1",
                            "ingress.2617001939.cidr_blocks.0": "0.0.0.0/0",
                            "ingress.2617001939.from_port": "443",
                            "ingress.2617001939.ipv6_cidr_blocks.#": "0",
                            "ingress.2617001939.protocol": "tcp",
                            "ingress.2617001939.security_groups.#": "0",
                            "ingress.2617001939.self": "false",
                            "ingress.2617001939.to_port": "443",
                            "ingress.3482902040.cidr_blocks.#": "1",
                            "ingress.3482902040.cidr_blocks.0": "0.0.0.0/0",
                            "ingress.3482902040.from_port": "8500",
                            "ingress.3482902040.ipv6_cidr_blocks.#": "0",
                            "ingress.3482902040.protocol": "tcp",
                            "ingress.3482902040.security_groups.#": "0",
                            "ingress.3482902040.self": "false",
                            "ingress.3482902040.to_port": "8500",
                            "ingress.848174172.cidr_blocks.#": "1",
                            "ingress.848174172.cidr_blocks.0": "0.0.0.0/0",
                            "ingress.848174172.from_port": "8600",
                            "ingress.848174172.ipv6_cidr_blocks.#": "0",
                            "ingress.848174172.protocol": "tcp",
                            "ingress.848174172.security_groups.#": "0",
                            "ingress.848174172.self": "false",
                            "ingress.848174172.to_port": "8600",
                            "name": "vpc_web",
                            "owner_id": "543443504517",
                            "tags.%": "1",
                            "tags.Name": "WebServerSG",
                            "vpc_id": "vpc-bdd51cda"
                        },
                        "meta": {},
                        "tainted": false
                    },
                    "deposed": [],
                    "provider": ""
                },
                "aws_subnet.eu-west-1a-private": {
                    "type": "aws_subnet",
                    "depends_on": [
                        "aws_vpc.vpc_b4b"
                    ],
                    "primary": {
                        "id": "subnet-1771644f",
                        "attributes": {
                            "assign_ipv6_address_on_creation": "false",
                            "availability_zone": "eu-west-1a",
                            "cidr_block": "10.0.1.0/24",
                            "id": "subnet-1771644f",
                            "map_public_ip_on_launch": "false",
                            "tags.%": "1",
                            "tags.Name": "Private Subnet 1a",
                            "vpc_id": "vpc-bdd51cda"
                        },
                        "meta": {
                            "schema_version": "1"
                        },
                        "tainted": false
                    },
                    "deposed": [],
                    "provider": ""
                },
                "aws_subnet.eu-west-1b-private": {
                    "type": "aws_subnet",
                    "depends_on": [
                        "aws_vpc.vpc_b4b"
                    ],
                    "primary": {
                        "id": "subnet-2a438d4d",
                        "attributes": {
                            "assign_ipv6_address_on_creation": "false",
                            "availability_zone": "eu-west-1b",
                            "cidr_block": "10.0.2.0/24",
                            "id": "subnet-2a438d4d",
                            "map_public_ip_on_launch": "false",
                            "tags.%": "1",
                            "tags.Name": "Private Subnet 1b",
                            "vpc_id": "vpc-bdd51cda"
                        },
                        "meta": {
                            "schema_version": "1"
                        },
                        "tainted": false
                    },
                    "deposed": [],
                    "provider": ""
                },
                "aws_vpc.vpc_b4b": {
                    "type": "aws_vpc",
                    "depends_on": [],
                    "primary": {
                        "id": "vpc-bdd51cda",
                        "attributes": {
                            "assign_generated_ipv6_cidr_block": "false",
                            "cidr_block": "10.0.0.0/16",
                            "default_network_acl_id": "acl-3464f653",
                            "default_route_table_id": "rtb-ad005bca",
                            "default_security_group_id": "sg-a0e3dad9",
                            "dhcp_options_id": "dopt-fe93719b",
                            "enable_classiclink": "false",
                            "enable_dns_hostnames": "true",
                            "enable_dns_support": "true",
                            "id": "vpc-bdd51cda",
                            "instance_tenancy": "default",
                            "main_route_table_id": "rtb-ad005bca",
                            "tags.%": "1",
                            "tags.Name": "terraform-aws-vpc-b4b"
                        },
                        "meta": {
                            "schema_version": "1"
                        },
                        "tainted": false
                    },
                    "deposed": [],
                    "provider": ""
                }
            },
            "depends_on": []
        },
        {
            "path": [
                "root",
                "b4b-demo",
                "consul"
            ],
            "outputs": {},
            "resources": {},
            "depends_on": []
        }
    ]
}
